// !$*UTF8*$!
{
	archiveVersion = 1;
	classes = {
	};
	objectVersion = 51;
	objects = {

/* Begin PBXBuildFile section */
		084E3D91576833490F01698B /* Pods_LanguageDemo.framework in Frameworks */ = {isa = PBXBuildFile; fileRef = CC0AEC53FC2833FB78E2FA76 /* Pods_LanguageDemo.framework */; };
		C4046214296433D60022A927 /* YSWebSocketRequest.m in Sources */ = {isa = PBXBuildFile; fileRef = C4046213296433D60022A927 /* YSWebSocketRequest.m */; };
		C425F59726A94BBF0091918D /* RacRedSubView.m in Sources */ = {isa = PBXBuildFile; fileRef = C425F59626A94BBF0091918D /* RacRedSubView.m */; };
		C44E7CD2299A07D4007B1B1E /* MyService.swift in Sources */ = {isa = PBXBuildFile; fileRef = C44E7CCC299A07D4007B1B1E /* MyService.swift */; };
		C44E7CD3299A07D4007B1B1E /* SettingViewModel.swift in Sources */ = {isa = PBXBuildFile; fileRef = C44E7CCE299A07D4007B1B1E /* SettingViewModel.swift */; };
		C44E7CD4299A07D4007B1B1E /* ViewModelType.swift in Sources */ = {isa = PBXBuildFile; fileRef = C44E7CCF299A07D4007B1B1E /* ViewModelType.swift */; };
		C44E7CD5299A07D4007B1B1E /* SettingModel.swift in Sources */ = {isa = PBXBuildFile; fileRef = C44E7CD0299A07D4007B1B1E /* SettingModel.swift */; };
		C44E7CD6299A07D4007B1B1E /* SettingView.swift in Sources */ = {isa = PBXBuildFile; fileRef = C44E7CD1299A07D4007B1B1E /* SettingView.swift */; };
		C44E7CD8299A080E007B1B1E /* SwiftRootViewController.swift in Sources */ = {isa = PBXBuildFile; fileRef = C44E7CD7299A080E007B1B1E /* SwiftRootViewController.swift */; };
		C44EEABF295E95270083CD03 /* README.md in Resources */ = {isa = PBXBuildFile; fileRef = C44EEABE295E95270083CD03 /* README.md */; };
		C44EEAC3295EB4A70083CD03 /* YSHttpsRequest.m in Sources */ = {isa = PBXBuildFile; fileRef = C44EEAC2295EB4A70083CD03 /* YSHttpsRequest.m */; };
		C44EEAC7295ED97D0083CD03 /* YSHttpManager.m in Sources */ = {isa = PBXBuildFile; fileRef = C44EEAC6295ED97D0083CD03 /* YSHttpManager.m */; };
		C456A3DD299B2B1500477149 /* Programming.swift in Sources */ = {isa = PBXBuildFile; fileRef = C456A3DC299B2B1500477149 /* Programming.swift */; };
		C4629D4A26244CBC00029564 /* AppDelegate.m in Sources */ = {isa = PBXBuildFile; fileRef = C4629D4926244CBC00029564 /* AppDelegate.m */; };
		C4629D5526244CBF00029564 /* Assets.xcassets in Resources */ = {isa = PBXBuildFile; fileRef = C4629D5426244CBF00029564 /* Assets.xcassets */; };
		C4629D5826244CBF00029564 /* LaunchScreen.storyboard in Resources */ = {isa = PBXBuildFile; fileRef = C4629D5626244CBF00029564 /* LaunchScreen.storyboard */; };
		C4629D5B26244CBF00029564 /* main.m in Sources */ = {isa = PBXBuildFile; fileRef = C4629D5A26244CBF00029564 /* main.m */; };
		C46817A6266B33C30026F60C /* YSTextField.m in Sources */ = {isa = PBXBuildFile; fileRef = C46817A5266B33C30026F60C /* YSTextField.m */; };
		C46A7754271988C600FDECB7 /* StoreKit.framework in Frameworks */ = {isa = PBXBuildFile; fileRef = C46A7753271988C600FDECB7 /* StoreKit.framework */; };
		C473DFA0277EC1B500CF669A /* LDHomeVC.m in Sources */ = {isa = PBXBuildFile; fileRef = C473DF9F277EC1B500CF669A /* LDHomeVC.m */; };
		C473DFA3277EC1D200CF669A /* LDHomeTableView.m in Sources */ = {isa = PBXBuildFile; fileRef = C473DFA2277EC1D200CF669A /* LDHomeTableView.m */; };
		C473DFA6277EC1E100CF669A /* LDHomeViewModel.m in Sources */ = {isa = PBXBuildFile; fileRef = C473DFA5277EC1E100CF669A /* LDHomeViewModel.m */; };
		C48489B92775C66C0033194C /* LDLoginVC.m in Sources */ = {isa = PBXBuildFile; fileRef = C48489B82775C66C0033194C /* LDLoginVC.m */; };
		C48489BC2775C67D0033194C /* LDLoginView.m in Sources */ = {isa = PBXBuildFile; fileRef = C48489BB2775C67D0033194C /* LDLoginView.m */; };
		C48489BF2775C68C0033194C /* LDLoginViewModel.m in Sources */ = {isa = PBXBuildFile; fileRef = C48489BE2775C68C0033194C /* LDLoginViewModel.m */; };
		C48DEDD227511FF200A86E08 /* UIImage+ChangeColor.m in Sources */ = {isa = PBXBuildFile; fileRef = C48DEDD127511FF200A86E08 /* UIImage+ChangeColor.m */; };
		C494044529697A38000A1CF9 /* YSActionSheet.m in Sources */ = {isa = PBXBuildFile; fileRef = C494044429697A38000A1CF9 /* YSActionSheet.m */; };
		C49EC46C26C10E7100F130F8 /* ThreadModel.m in Sources */ = {isa = PBXBuildFile; fileRef = C49EC46B26C10E7100F130F8 /* ThreadModel.m */; };
		C4AECA7D2702C66000F3BA1A /* Bridging_Header.swift in Sources */ = {isa = PBXBuildFile; fileRef = C4AECA7C2702C66000F3BA1A /* Bridging_Header.swift */; };
		C4C8948626AAB05B005E39F5 /* UIImage+Filter.m in Sources */ = {isa = PBXBuildFile; fileRef = C4C8948526AAB05B005E39F5 /* UIImage+Filter.m */; };
		C4C8948926AAB750005E39F5 /* UIImageView+Filter.m in Sources */ = {isa = PBXBuildFile; fileRef = C4C8948826AAB750005E39F5 /* UIImageView+Filter.m */; };
		C4CACCE92669E53C00712ED2 /* RacRedVM.m in Sources */ = {isa = PBXBuildFile; fileRef = C4CACCE82669E53C00712ED2 /* RacRedVM.m */; };
		C4ECDDCD2966D67F00C1FA36 /* YSTcpSocketRequest.m in Sources */ = {isa = PBXBuildFile; fileRef = C4ECDDCC2966D67F00C1FA36 /* YSTcpSocketRequest.m */; };
		C4FDD6D52667236900E444F2 /* RacRedView.m in Sources */ = {isa = PBXBuildFile; fileRef = C4FDD6D22667236900E444F2 /* RacRedView.m */; };
		C4FDD6D62667236900E444F2 /* YSRACLearnM.m in Sources */ = {isa = PBXBuildFile; fileRef = C4FDD6D32667236900E444F2 /* YSRACLearnM.m */; };
		C4FDD6F12667237400E444F2 /* ViewController.m in Sources */ = {isa = PBXBuildFile; fileRef = C4FDD6DB2667237400E444F2 /* ViewController.m */; };
/* End PBXBuildFile section */

/* Begin PBXFileReference section */
		003C593BB5769782A908F4E4 /* Pods-LanguageDemo.release.xcconfig */ = {isa = PBXFileReference; includeInIndex = 1; lastKnownFileType = text.xcconfig; name = "Pods-LanguageDemo.release.xcconfig"; path = "Target Support Files/Pods-LanguageDemo/Pods-LanguageDemo.release.xcconfig"; sourceTree = "<group>"; };
		54B6CB46849CC54625B2204D /* Pods-LanguageDemo.debug.xcconfig */ = {isa = PBXFileReference; includeInIndex = 1; lastKnownFileType = text.xcconfig; name = "Pods-LanguageDemo.debug.xcconfig"; path = "Target Support Files/Pods-LanguageDemo/Pods-LanguageDemo.debug.xcconfig"; sourceTree = "<group>"; };
		C4046212296433D60022A927 /* YSWebSocketRequest.h */ = {isa = PBXFileReference; lastKnownFileType = sourcecode.c.h; path = YSWebSocketRequest.h; sourceTree = "<group>"; };
		C4046213296433D60022A927 /* YSWebSocketRequest.m */ = {isa = PBXFileReference; lastKnownFileType = sourcecode.c.objc; path = YSWebSocketRequest.m; sourceTree = "<group>"; };
		C41147BF27158D390085C364 /* LanguageDemo.entitlements */ = {isa = PBXFileReference; lastKnownFileType = text.plist.entitlements; path = LanguageDemo.entitlements; sourceTree = "<group>"; };
		C41BF1A02671E5E700AB3AA3 /* YSCommonInfo.h */ = {isa = PBXFileReference; lastKnownFileType = sourcecode.c.h; path = YSCommonInfo.h; sourceTree = "<group>"; };
		C425F59526A94BBF0091918D /* RacRedSubView.h */ = {isa = PBXFileReference; lastKnownFileType = sourcecode.c.h; path = RacRedSubView.h; sourceTree = "<group>"; };
		C425F59626A94BBF0091918D /* RacRedSubView.m */ = {isa = PBXFileReference; lastKnownFileType = sourcecode.c.objc; path = RacRedSubView.m; sourceTree = "<group>"; };
		C44E7CCC299A07D4007B1B1E /* MyService.swift */ = {isa = PBXFileReference; fileEncoding = 4; lastKnownFileType = sourcecode.swift; path = MyService.swift; sourceTree = "<group>"; };
		C44E7CCE299A07D4007B1B1E /* SettingViewModel.swift */ = {isa = PBXFileReference; fileEncoding = 4; lastKnownFileType = sourcecode.swift; path = SettingViewModel.swift; sourceTree = "<group>"; };
		C44E7CCF299A07D4007B1B1E /* ViewModelType.swift */ = {isa = PBXFileReference; fileEncoding = 4; lastKnownFileType = sourcecode.swift; path = ViewModelType.swift; sourceTree = "<group>"; };
		C44E7CD0299A07D4007B1B1E /* SettingModel.swift */ = {isa = PBXFileReference; fileEncoding = 4; lastKnownFileType = sourcecode.swift; path = SettingModel.swift; sourceTree = "<group>"; };
		C44E7CD1299A07D4007B1B1E /* SettingView.swift */ = {isa = PBXFileReference; fileEncoding = 4; lastKnownFileType = sourcecode.swift; path = SettingView.swift; sourceTree = "<group>"; };
		C44E7CD7299A080E007B1B1E /* SwiftRootViewController.swift */ = {isa = PBXFileReference; lastKnownFileType = sourcecode.swift; path = SwiftRootViewController.swift; sourceTree = "<group>"; };
		C44EEABD295E92DF0083CD03 /* PrefixHeader.pch */ = {isa = PBXFileReference; lastKnownFileType = sourcecode.c.h; path = PrefixHeader.pch; sourceTree = "<group>"; };
		C44EEABE295E95270083CD03 /* README.md */ = {isa = PBXFileReference; fileEncoding = 4; lastKnownFileType = net.daringfireball.markdown; path = README.md; sourceTree = "<group>"; };
		C44EEAC1295EB4A70083CD03 /* YSHttpsRequest.h */ = {isa = PBXFileReference; lastKnownFileType = sourcecode.c.h; path = YSHttpsRequest.h; sourceTree = "<group>"; };
		C44EEAC2295EB4A70083CD03 /* YSHttpsRequest.m */ = {isa = PBXFileReference; lastKnownFileType = sourcecode.c.objc; path = YSHttpsRequest.m; sourceTree = "<group>"; };
		C44EEAC5295ED97D0083CD03 /* YSHttpManager.h */ = {isa = PBXFileReference; lastKnownFileType = sourcecode.c.h; path = YSHttpManager.h; sourceTree = "<group>"; };
		C44EEAC6295ED97D0083CD03 /* YSHttpManager.m */ = {isa = PBXFileReference; lastKnownFileType = sourcecode.c.objc; path = YSHttpManager.m; sourceTree = "<group>"; };
		C456A3DC299B2B1500477149 /* Programming.swift */ = {isa = PBXFileReference; lastKnownFileType = sourcecode.swift; path = Programming.swift; sourceTree = "<group>"; };
		C4629D4526244CBC00029564 /* LanguageDemo.app */ = {isa = PBXFileReference; explicitFileType = wrapper.application; includeInIndex = 0; path = LanguageDemo.app; sourceTree = BUILT_PRODUCTS_DIR; };
		C4629D4826244CBC00029564 /* AppDelegate.h */ = {isa = PBXFileReference; lastKnownFileType = sourcecode.c.h; path = AppDelegate.h; sourceTree = "<group>"; };
		C4629D4926244CBC00029564 /* AppDelegate.m */ = {isa = PBXFileReference; lastKnownFileType = sourcecode.c.objc; path = AppDelegate.m; sourceTree = "<group>"; };
		C4629D5426244CBF00029564 /* Assets.xcassets */ = {isa = PBXFileReference; lastKnownFileType = folder.assetcatalog; path = Assets.xcassets; sourceTree = "<group>"; };
		C4629D5726244CBF00029564 /* Base */ = {isa = PBXFileReference; lastKnownFileType = file.storyboard; name = Base; path = Base.lproj/LaunchScreen.storyboard; sourceTree = "<group>"; };
		C4629D5926244CBF00029564 /* Info.plist */ = {isa = PBXFileReference; lastKnownFileType = text.plist.xml; path = Info.plist; sourceTree = "<group>"; };
		C4629D5A26244CBF00029564 /* main.m */ = {isa = PBXFileReference; lastKnownFileType = sourcecode.c.objc; path = main.m; sourceTree = "<group>"; };
		C46817A4266B33C30026F60C /* YSTextField.h */ = {isa = PBXFileReference; lastKnownFileType = sourcecode.c.h; path = YSTextField.h; sourceTree = "<group>"; };
		C46817A5266B33C30026F60C /* YSTextField.m */ = {isa = PBXFileReference; lastKnownFileType = sourcecode.c.objc; path = YSTextField.m; sourceTree = "<group>"; };
		C46A7753271988C600FDECB7 /* StoreKit.framework */ = {isa = PBXFileReference; lastKnownFileType = wrapper.framework; name = StoreKit.framework; path = System/Library/Frameworks/StoreKit.framework; sourceTree = SDKROOT; };
		C473DF9E277EC1B500CF669A /* LDHomeVC.h */ = {isa = PBXFileReference; lastKnownFileType = sourcecode.c.h; path = LDHomeVC.h; sourceTree = "<group>"; };
		C473DF9F277EC1B500CF669A /* LDHomeVC.m */ = {isa = PBXFileReference; lastKnownFileType = sourcecode.c.objc; path = LDHomeVC.m; sourceTree = "<group>"; };
		C473DFA1277EC1D200CF669A /* LDHomeTableView.h */ = {isa = PBXFileReference; lastKnownFileType = sourcecode.c.h; path = LDHomeTableView.h; sourceTree = "<group>"; };
		C473DFA2277EC1D200CF669A /* LDHomeTableView.m */ = {isa = PBXFileReference; lastKnownFileType = sourcecode.c.objc; path = LDHomeTableView.m; sourceTree = "<group>"; };
		C473DFA4277EC1E100CF669A /* LDHomeViewModel.h */ = {isa = PBXFileReference; lastKnownFileType = sourcecode.c.h; path = LDHomeViewModel.h; sourceTree = "<group>"; };
		C473DFA5277EC1E100CF669A /* LDHomeViewModel.m */ = {isa = PBXFileReference; lastKnownFileType = sourcecode.c.objc; path = LDHomeViewModel.m; sourceTree = "<group>"; };
		C48489B72775C66C0033194C /* LDLoginVC.h */ = {isa = PBXFileReference; lastKnownFileType = sourcecode.c.h; path = LDLoginVC.h; sourceTree = "<group>"; };
		C48489B82775C66C0033194C /* LDLoginVC.m */ = {isa = PBXFileReference; lastKnownFileType = sourcecode.c.objc; path = LDLoginVC.m; sourceTree = "<group>"; };
		C48489BA2775C67D0033194C /* LDLoginView.h */ = {isa = PBXFileReference; lastKnownFileType = sourcecode.c.h; path = LDLoginView.h; sourceTree = "<group>"; };
		C48489BB2775C67D0033194C /* LDLoginView.m */ = {isa = PBXFileReference; lastKnownFileType = sourcecode.c.objc; path = LDLoginView.m; sourceTree = "<group>"; };
		C48489BD2775C68C0033194C /* LDLoginViewModel.h */ = {isa = PBXFileReference; lastKnownFileType = sourcecode.c.h; path = LDLoginViewModel.h; sourceTree = "<group>"; };
		C48489BE2775C68C0033194C /* LDLoginViewModel.m */ = {isa = PBXFileReference; lastKnownFileType = sourcecode.c.objc; path = LDLoginViewModel.m; sourceTree = "<group>"; };
		C48DEDD027511FF200A86E08 /* UIImage+ChangeColor.h */ = {isa = PBXFileReference; lastKnownFileType = sourcecode.c.h; path = "UIImage+ChangeColor.h"; sourceTree = "<group>"; };
		C48DEDD127511FF200A86E08 /* UIImage+ChangeColor.m */ = {isa = PBXFileReference; lastKnownFileType = sourcecode.c.objc; path = "UIImage+ChangeColor.m"; sourceTree = "<group>"; };
		C494044329697A38000A1CF9 /* YSActionSheet.h */ = {isa = PBXFileReference; lastKnownFileType = sourcecode.c.h; path = YSActionSheet.h; sourceTree = "<group>"; };
		C494044429697A38000A1CF9 /* YSActionSheet.m */ = {isa = PBXFileReference; lastKnownFileType = sourcecode.c.objc; path = YSActionSheet.m; sourceTree = "<group>"; };
		C49EC46A26C10E7100F130F8 /* ThreadModel.h */ = {isa = PBXFileReference; lastKnownFileType = sourcecode.c.h; path = ThreadModel.h; sourceTree = "<group>"; };
		C49EC46B26C10E7100F130F8 /* ThreadModel.m */ = {isa = PBXFileReference; lastKnownFileType = sourcecode.c.objc; path = ThreadModel.m; sourceTree = "<group>"; };
		C4AECA7B2702C66000F3BA1A /* LanguageDemo-Bridging-Header.h */ = {isa = PBXFileReference; lastKnownFileType = sourcecode.c.h; path = "LanguageDemo-Bridging-Header.h"; sourceTree = "<group>"; };
		C4AECA7C2702C66000F3BA1A /* Bridging_Header.swift */ = {isa = PBXFileReference; lastKnownFileType = sourcecode.swift; path = Bridging_Header.swift; sourceTree = "<group>"; };
		C4C8948426AAB05B005E39F5 /* UIImage+Filter.h */ = {isa = PBXFileReference; lastKnownFileType = sourcecode.c.h; path = "UIImage+Filter.h"; sourceTree = "<group>"; };
		C4C8948526AAB05B005E39F5 /* UIImage+Filter.m */ = {isa = PBXFileReference; lastKnownFileType = sourcecode.c.objc; path = "UIImage+Filter.m"; sourceTree = "<group>"; };
		C4C8948726AAB750005E39F5 /* UIImageView+Filter.h */ = {isa = PBXFileReference; lastKnownFileType = sourcecode.c.h; path = "UIImageView+Filter.h"; sourceTree = "<group>"; };
		C4C8948826AAB750005E39F5 /* UIImageView+Filter.m */ = {isa = PBXFileReference; lastKnownFileType = sourcecode.c.objc; path = "UIImageView+Filter.m"; sourceTree = "<group>"; };
		C4CACCE72669E53C00712ED2 /* RacRedVM.h */ = {isa = PBXFileReference; lastKnownFileType = sourcecode.c.h; path = RacRedVM.h; sourceTree = "<group>"; };
		C4CACCE82669E53C00712ED2 /* RacRedVM.m */ = {isa = PBXFileReference; lastKnownFileType = sourcecode.c.objc; path = RacRedVM.m; sourceTree = "<group>"; };
		C4ECDDCB2966D67F00C1FA36 /* YSTcpSocketRequest.h */ = {isa = PBXFileReference; lastKnownFileType = sourcecode.c.h; path = YSTcpSocketRequest.h; sourceTree = "<group>"; };
		C4ECDDCC2966D67F00C1FA36 /* YSTcpSocketRequest.m */ = {isa = PBXFileReference; lastKnownFileType = sourcecode.c.objc; path = YSTcpSocketRequest.m; sourceTree = "<group>"; };
		C4FDD6D12667236900E444F2 /* YSRACLearnM.h */ = {isa = PBXFileReference; fileEncoding = 4; lastKnownFileType = sourcecode.c.h; path = YSRACLearnM.h; sourceTree = "<group>"; };
		C4FDD6D22667236900E444F2 /* RacRedView.m */ = {isa = PBXFileReference; fileEncoding = 4; lastKnownFileType = sourcecode.c.objc; path = RacRedView.m; sourceTree = "<group>"; };
		C4FDD6D32667236900E444F2 /* YSRACLearnM.m */ = {isa = PBXFileReference; fileEncoding = 4; lastKnownFileType = sourcecode.c.objc; path = YSRACLearnM.m; sourceTree = "<group>"; };
		C4FDD6D42667236900E444F2 /* RacRedView.h */ = {isa = PBXFileReference; fileEncoding = 4; lastKnownFileType = sourcecode.c.h; path = RacRedView.h; sourceTree = "<group>"; };
		C4FDD6DB2667237400E444F2 /* ViewController.m */ = {isa = PBXFileReference; fileEncoding = 4; lastKnownFileType = sourcecode.c.objc; path = ViewController.m; sourceTree = "<group>"; };
		C4FDD6DE2667237400E444F2 /* ViewController.h */ = {isa = PBXFileReference; fileEncoding = 4; lastKnownFileType = sourcecode.c.h; path = ViewController.h; sourceTree = "<group>"; };
		CC0AEC53FC2833FB78E2FA76 /* Pods_LanguageDemo.framework */ = {isa = PBXFileReference; explicitFileType = wrapper.framework; includeInIndex = 0; path = Pods_LanguageDemo.framework; sourceTree = BUILT_PRODUCTS_DIR; };
/* End PBXFileReference section */

/* Begin PBXFrameworksBuildPhase section */
		C4629D4226244CBC00029564 /* Frameworks */ = {
			isa = PBXFrameworksBuildPhase;
			buildActionMask = 2147483647;
			files = (
				C46A7754271988C600FDECB7 /* StoreKit.framework in Frameworks */,
				084E3D91576833490F01698B /* Pods_LanguageDemo.framework in Frameworks */,
			);
			runOnlyForDeploymentPostprocessing = 0;
		};
/* End PBXFrameworksBuildPhase section */

/* Begin PBXGroup section */
		05127B1A74E6EFFA52B7441A /* Frameworks */ = {
			isa = PBXGroup;
			children = (
				C46A7753271988C600FDECB7 /* StoreKit.framework */,
				CC0AEC53FC2833FB78E2FA76 /* Pods_LanguageDemo.framework */,
			);
			name = Frameworks;
			sourceTree = "<group>";
		};
		C44E7CC9299A075A007B1B1E /* swiftDemo */ = {
			isa = PBXGroup;
			children = (
				C456A3DB299B2B0000477149 /* Learning */,
				C44E7CCA299A07D4007B1B1E /* dataRequest */,
				C44E7CCD299A07D4007B1B1E /* Setting */,
				C44E7CD7299A080E007B1B1E /* SwiftRootViewController.swift */,
			);
			path = swiftDemo;
			sourceTree = "<group>";
		};
		C44E7CCA299A07D4007B1B1E /* dataRequest */ = {
			isa = PBXGroup;
			children = (
				C44E7CCB299A07D4007B1B1E /* https */,
			);
			path = dataRequest;
			sourceTree = "<group>";
		};
		C44E7CCB299A07D4007B1B1E /* https */ = {
			isa = PBXGroup;
			children = (
				C44E7CCC299A07D4007B1B1E /* MyService.swift */,
			);
			path = https;
			sourceTree = "<group>";
		};
		C44E7CCD299A07D4007B1B1E /* Setting */ = {
			isa = PBXGroup;
			children = (
				C44E7CCE299A07D4007B1B1E /* SettingViewModel.swift */,
				C44E7CCF299A07D4007B1B1E /* ViewModelType.swift */,
				C44E7CD0299A07D4007B1B1E /* SettingModel.swift */,
				C44E7CD1299A07D4007B1B1E /* SettingView.swift */,
			);
			path = Setting;
			sourceTree = "<group>";
		};
		C44EEAB5295E8BA70083CD03 /* present */ = {
			isa = PBXGroup;
			children = (
				C473DF9D277EC18B00CF669A /* Home */,
				C473DF9C277EC0DF00CF669A /* Login */,
			);
			path = present;
			sourceTree = "<group>";
		};
		C44EEAB6295E8BB90083CD03 /* business */ = {
			isa = PBXGroup;
			children = (
				C44EEAC4295ED95E0083CD03 /* dataRequest */,
			);
			name = business;
			sourceTree = "<group>";
		};
		C44EEAB7295E8BD10083CD03 /* basicService */ = {
			isa = PBXGroup;
			children = (
				C44EEABC295E8EB70083CD03 /* popview */,
				C44EEABB295E8C970083CD03 /* declare */,
				C44EEABA295E8C680083CD03 /* thread */,
				C44EEAB9295E8C480083CD03 /* imageFilter */,
			);
			path = basicService;
			sourceTree = "<group>";
		};
		C44EEAB8295E8BDC0083CD03 /* coreService */ = {
			isa = PBXGroup;
			children = (
				C44EEAC0295EB3A40083CD03 /* dataRequest */,
			);
			path = coreService;
			sourceTree = "<group>";
		};
		C44EEAB9295E8C480083CD03 /* imageFilter */ = {
			isa = PBXGroup;
			children = (
				C4C8948426AAB05B005E39F5 /* UIImage+Filter.h */,
				C4C8948526AAB05B005E39F5 /* UIImage+Filter.m */,
				C4C8948726AAB750005E39F5 /* UIImageView+Filter.h */,
				C4C8948826AAB750005E39F5 /* UIImageView+Filter.m */,
				C48DEDD027511FF200A86E08 /* UIImage+ChangeColor.h */,
				C48DEDD127511FF200A86E08 /* UIImage+ChangeColor.m */,
			);
			path = imageFilter;
			sourceTree = "<group>";
		};
		C44EEABA295E8C680083CD03 /* thread */ = {
			isa = PBXGroup;
			children = (
				C49EC46A26C10E7100F130F8 /* ThreadModel.h */,
				C49EC46B26C10E7100F130F8 /* ThreadModel.m */,
			);
			path = thread;
			sourceTree = "<group>";
		};
		C44EEABB295E8C970083CD03 /* declare */ = {
			isa = PBXGroup;
			children = (
				C41BF1A02671E5E700AB3AA3 /* YSCommonInfo.h */,
			);
			path = declare;
			sourceTree = "<group>";
		};
		C44EEABC295E8EB70083CD03 /* popview */ = {
			isa = PBXGroup;
			children = (
				C494044329697A38000A1CF9 /* YSActionSheet.h */,
				C494044429697A38000A1CF9 /* YSActionSheet.m */,
			);
			path = popview;
			sourceTree = "<group>";
		};
		C44EEAC0295EB3A40083CD03 /* dataRequest */ = {
			isa = PBXGroup;
			children = (
				C44EEAC1295EB4A70083CD03 /* YSHttpsRequest.h */,
				C44EEAC2295EB4A70083CD03 /* YSHttpsRequest.m */,
				C4046212296433D60022A927 /* YSWebSocketRequest.h */,
				C4046213296433D60022A927 /* YSWebSocketRequest.m */,
				C4ECDDCB2966D67F00C1FA36 /* YSTcpSocketRequest.h */,
				C4ECDDCC2966D67F00C1FA36 /* YSTcpSocketRequest.m */,
			);
			path = dataRequest;
			sourceTree = "<group>";
		};
		C44EEAC4295ED95E0083CD03 /* dataRequest */ = {
			isa = PBXGroup;
			children = (
				C44EEAC5295ED97D0083CD03 /* YSHttpManager.h */,
				C44EEAC6295ED97D0083CD03 /* YSHttpManager.m */,
			);
			name = dataRequest;
			sourceTree = "<group>";
		};
		C456A3DB299B2B0000477149 /* Learning */ = {
			isa = PBXGroup;
			children = (
				C456A3DC299B2B1500477149 /* Programming.swift */,
			);
			path = Learning;
			sourceTree = "<group>";
		};
		C4629D3C26244CBC00029564 = {
			isa = PBXGroup;
			children = (
				C44EEABE295E95270083CD03 /* README.md */,
				C44EEABD295E92DF0083CD03 /* PrefixHeader.pch */,
				C4AECA7C2702C66000F3BA1A /* Bridging_Header.swift */,
				C4629D4726244CBC00029564 /* LanguageDemo */,
				C4629D4626244CBC00029564 /* Products */,
				D850E6E8332F8633473BB42A /* Pods */,
				05127B1A74E6EFFA52B7441A /* Frameworks */,
				C4AECA7B2702C66000F3BA1A /* LanguageDemo-Bridging-Header.h */,
			);
			sourceTree = "<group>";
		};
		C4629D4626244CBC00029564 /* Products */ = {
			isa = PBXGroup;
			children = (
				C4629D4526244CBC00029564 /* LanguageDemo.app */,
			);
			name = Products;
			sourceTree = "<group>";
		};
		C4629D4726244CBC00029564 /* LanguageDemo */ = {
			isa = PBXGroup;
			children = (
				C44E7CC9299A075A007B1B1E /* swiftDemo */,
				C44EEAB8295E8BDC0083CD03 /* coreService */,
				C44EEAB7295E8BD10083CD03 /* basicService */,
				C44EEAB6295E8BB90083CD03 /* business */,
				C44EEAB5295E8BA70083CD03 /* present */,
				C41147BF27158D390085C364 /* LanguageDemo.entitlements */,
				C4FDD6D02667236900E444F2 /* Learning */,
				C4629D4826244CBC00029564 /* AppDelegate.h */,
				C4629D4926244CBC00029564 /* AppDelegate.m */,
				C4FDD6DE2667237400E444F2 /* ViewController.h */,
				C4FDD6DB2667237400E444F2 /* ViewController.m */,
				C4629D5426244CBF00029564 /* Assets.xcassets */,
				C4629D5626244CBF00029564 /* LaunchScreen.storyboard */,
				C4629D5926244CBF00029564 /* Info.plist */,
				C4629D5A26244CBF00029564 /* main.m */,
			);
			path = LanguageDemo;
			sourceTree = "<group>";
		};
		C473DF9C277EC0DF00CF669A /* Login */ = {
			isa = PBXGroup;
			children = (
				C48489B72775C66C0033194C /* LDLoginVC.h */,
				C48489B82775C66C0033194C /* LDLoginVC.m */,
				C48489BA2775C67D0033194C /* LDLoginView.h */,
				C48489BB2775C67D0033194C /* LDLoginView.m */,
				C48489BD2775C68C0033194C /* LDLoginViewModel.h */,
				C48489BE2775C68C0033194C /* LDLoginViewModel.m */,
			);
			path = Login;
			sourceTree = "<group>";
		};
		C473DF9D277EC18B00CF669A /* Home */ = {
			isa = PBXGroup;
			children = (
				C473DF9E277EC1B500CF669A /* LDHomeVC.h */,
				C473DF9F277EC1B500CF669A /* LDHomeVC.m */,
				C473DFA1277EC1D200CF669A /* LDHomeTableView.h */,
				C473DFA2277EC1D200CF669A /* LDHomeTableView.m */,
				C473DFA4277EC1E100CF669A /* LDHomeViewModel.h */,
				C473DFA5277EC1E100CF669A /* LDHomeViewModel.m */,
			);
			path = Home;
			sourceTree = "<group>";
		};
		C4FDD6D02667236900E444F2 /* Learning */ = {
			isa = PBXGroup;
			children = (
				C46817A4266B33C30026F60C /* YSTextField.h */,
				C46817A5266B33C30026F60C /* YSTextField.m */,
				C4FDD6D42667236900E444F2 /* RacRedView.h */,
				C4FDD6D22667236900E444F2 /* RacRedView.m */,
				C425F59526A94BBF0091918D /* RacRedSubView.h */,
				C425F59626A94BBF0091918D /* RacRedSubView.m */,
				C4FDD6D12667236900E444F2 /* YSRACLearnM.h */,
				C4FDD6D32667236900E444F2 /* YSRACLearnM.m */,
				C4CACCE72669E53C00712ED2 /* RacRedVM.h */,
				C4CACCE82669E53C00712ED2 /* RacRedVM.m */,
			);
			path = Learning;
			sourceTree = "<group>";
		};
		D850E6E8332F8633473BB42A /* Pods */ = {
			isa = PBXGroup;
			children = (
				54B6CB46849CC54625B2204D /* Pods-LanguageDemo.debug.xcconfig */,
				003C593BB5769782A908F4E4 /* Pods-LanguageDemo.release.xcconfig */,
			);
			path = Pods;
			sourceTree = "<group>";
		};
/* End PBXGroup section */

/* Begin PBXNativeTarget section */
		C4629D4426244CBC00029564 /* LanguageDemo */ = {
			isa = PBXNativeTarget;
			buildConfigurationList = C4629D5E26244CBF00029564 /* Build configuration list for PBXNativeTarget "LanguageDemo" */;
			buildPhases = (
				10CB55A8E06311CEB95BC4E6 /* [CP] Check Pods Manifest.lock */,
				C4629D4126244CBC00029564 /* Sources */,
				C4629D4226244CBC00029564 /* Frameworks */,
				C4629D4326244CBC00029564 /* Resources */,
				6B4115D786DC696F175FEBE1 /* [CP] Embed Pods Frameworks */,
			);
			buildRules = (
			);
			dependencies = (
			);
			name = LanguageDemo;
			productName = LanguageDemo;
			productReference = C4629D4526244CBC00029564 /* LanguageDemo.app */;
			productType = "com.apple.product-type.application";
		};
/* End PBXNativeTarget section */

/* Begin PBXProject section */
		C4629D3D26244CBC00029564 /* Project object */ = {
			isa = PBXProject;
			attributes = {
				LastUpgradeCheck = 1250;
				TargetAttributes = {
					C4629D4426244CBC00029564 = {
						CreatedOnToolsVersion = 12.4;
						LastSwiftMigration = 1250;
					};
				};
			};
			buildConfigurationList = C4629D4026244CBC00029564 /* Build configuration list for PBXProject "LanguageDemo" */;
			compatibilityVersion = "Xcode 9.3";
			developmentRegion = en;
			hasScannedForEncodings = 0;
			knownRegions = (
				en,
				Base,
			);
			mainGroup = C4629D3C26244CBC00029564;
			productRefGroup = C4629D4626244CBC00029564 /* Products */;
			projectDirPath = "";
			projectRoot = "";
			targets = (
				C4629D4426244CBC00029564 /* LanguageDemo */,
			);
		};
/* End PBXProject section */

/* Begin PBXResourcesBuildPhase section */
		C4629D4326244CBC00029564 /* Resources */ = {
			isa = PBXResourcesBuildPhase;
			buildActionMask = 2147483647;
			files = (
				C44EEABF295E95270083CD03 /* README.md in Resources */,
				C4629D5826244CBF00029564 /* LaunchScreen.storyboard in Resources */,
				C4629D5526244CBF00029564 /* Assets.xcassets in Resources */,
			);
			runOnlyForDeploymentPostprocessing = 0;
		};
/* End PBXResourcesBuildPhase section */

/* Begin PBXShellScriptBuildPhase section */
		10CB55A8E06311CEB95BC4E6 /* [CP] Check Pods Manifest.lock */ = {
			isa = PBXShellScriptBuildPhase;
			buildActionMask = 2147483647;
			files = (
			);
			inputFileListPaths = (
			);
			inputPaths = (
				"${PODS_PODFILE_DIR_PATH}/Podfile.lock",
				"${PODS_ROOT}/Manifest.lock",
			);
			name = "[CP] Check Pods Manifest.lock";
			outputFileListPaths = (
			);
			outputPaths = (
				"$(DERIVED_FILE_DIR)/Pods-LanguageDemo-checkManifestLockResult.txt",
			);
			runOnlyForDeploymentPostprocessing = 0;
			shellPath = /bin/sh;
			shellScript = "diff \"${PODS_PODFILE_DIR_PATH}/Podfile.lock\" \"${PODS_ROOT}/Manifest.lock\" > /dev/null\nif [ $? != 0 ] ; then\n    # print error to STDERR\n    echo \"error: The sandbox is not in sync with the Podfile.lock. Run 'pod install' or update your CocoaPods installation.\" >&2\n    exit 1\nfi\n# This output is used by Xcode 'outputs' to avoid re-running this script phase.\necho \"SUCCESS\" > \"${SCRIPT_OUTPUT_FILE_0}\"\n";
			showEnvVarsInLog = 0;
		};
		6B4115D786DC696F175FEBE1 /* [CP] Embed Pods Frameworks */ = {
			isa = PBXShellScriptBuildPhase;
			buildActionMask = 2147483647;
			files = (
			);
			inputFileListPaths = (
				"${PODS_ROOT}/Target Support Files/Pods-LanguageDemo/Pods-LanguageDemo-frameworks-${CONFIGURATION}-input-files.xcfilelist",
			);
			name = "[CP] Embed Pods Frameworks";
			outputFileListPaths = (
				"${PODS_ROOT}/Target Support Files/Pods-LanguageDemo/Pods-LanguageDemo-frameworks-${CONFIGURATION}-output-files.xcfilelist",
			);
			runOnlyForDeploymentPostprocessing = 0;
			shellPath = /bin/sh;
			shellScript = "\"${PODS_ROOT}/Target Support Files/Pods-LanguageDemo/Pods-LanguageDemo-frameworks.sh\"\n";
			showEnvVarsInLog = 0;
		};
/* End PBXShellScriptBuildPhase section */

/* Begin PBXSourcesBuildPhase section */
		C4629D4126244CBC00029564 /* Sources */ = {
			isa = PBXSourcesBuildPhase;
			buildActionMask = 2147483647;
			files = (
				C48DEDD227511FF200A86E08 /* UIImage+ChangeColor.m in Sources */,
				C425F59726A94BBF0091918D /* RacRedSubView.m in Sources */,
				C44E7CD8299A080E007B1B1E /* SwiftRootViewController.swift in Sources */,
				C44EEAC7295ED97D0083CD03 /* YSHttpManager.m in Sources */,
				C44E7CD3299A07D4007B1B1E /* SettingViewModel.swift in Sources */,
				C4CACCE92669E53C00712ED2 /* RacRedVM.m in Sources */,
				C49EC46C26C10E7100F130F8 /* ThreadModel.m in Sources */,
				C4C8948626AAB05B005E39F5 /* UIImage+Filter.m in Sources */,
				C48489BF2775C68C0033194C /* LDLoginViewModel.m in Sources */,
				C4C8948926AAB750005E39F5 /* UIImageView+Filter.m in Sources */,
				C456A3DD299B2B1500477149 /* Programming.swift in Sources */,
				C473DFA3277EC1D200CF669A /* LDHomeTableView.m in Sources */,
				C4AECA7D2702C66000F3BA1A /* Bridging_Header.swift in Sources */,
				C4FDD6D62667236900E444F2 /* YSRACLearnM.m in Sources */,
				C44E7CD5299A07D4007B1B1E /* SettingModel.swift in Sources */,
				C4FDD6F12667237400E444F2 /* ViewController.m in Sources */,
				C48489B92775C66C0033194C /* LDLoginVC.m in Sources */,
				C4629D4A26244CBC00029564 /* AppDelegate.m in Sources */,
				C48489BC2775C67D0033194C /* LDLoginView.m in Sources */,
				C473DFA6277EC1E100CF669A /* LDHomeViewModel.m in Sources */,
				C494044529697A38000A1CF9 /* YSActionSheet.m in Sources */,
				C4FDD6D52667236900E444F2 /* RacRedView.m in Sources */,
				C46817A6266B33C30026F60C /* YSTextField.m in Sources */,
				C4ECDDCD2966D67F00C1FA36 /* YSTcpSocketRequest.m in Sources */,
				C4629D5B26244CBF00029564 /* main.m in Sources */,
				C44E7CD2299A07D4007B1B1E /* MyService.swift in Sources */,
				C473DFA0277EC1B500CF669A /* LDHomeVC.m in Sources */,
				C44EEAC3295EB4A70083CD03 /* YSHttpsRequest.m in Sources */,
				C4046214296433D60022A927 /* YSWebSocketRequest.m in Sources */,
				C44E7CD6299A07D4007B1B1E /* SettingView.swift in Sources */,
				C44E7CD4299A07D4007B1B1E /* ViewModelType.swift in Sources */,
			);
			runOnlyForDeploymentPostprocessing = 0;
		};
/* End PBXSourcesBuildPhase section */

/* Begin PBXVariantGroup section */
		C4629D5626244CBF00029564 /* LaunchScreen.storyboard */ = {
			isa = PBXVariantGroup;
			children = (
				C4629D5726244CBF00029564 /* Base */,
			);
			name = LaunchScreen.storyboard;
			sourceTree = "<group>";
		};
/* End PBXVariantGroup section */

/* Begin XCBuildConfiguration section */
		C4629D5C26244CBF00029564 /* Debug */ = {
			isa = XCBuildConfiguration;
			buildSettings = {
				ALWAYS_SEARCH_USER_PATHS = NO;
				CLANG_ANALYZER_NONNULL = YES;
				CLANG_ANALYZER_NUMBER_OBJECT_CONVERSION = YES_AGGRESSIVE;
				CLANG_CXX_LANGUAGE_STANDARD = "gnu++14";
				CLANG_CXX_LIBRARY = "libc++";
				CLANG_ENABLE_MODULES = YES;
				CLANG_ENABLE_OBJC_ARC = YES;
				CLANG_ENABLE_OBJC_WEAK = YES;
				CLANG_WARN_BLOCK_CAPTURE_AUTORELEASING = YES;
				CLANG_WARN_BOOL_CONVERSION = YES;
				CLANG_WARN_COMMA = YES;
				CLANG_WARN_CONSTANT_CONVERSION = YES;
				CLANG_WARN_DEPRECATED_OBJC_IMPLEMENTATIONS = YES;
				CLANG_WARN_DIRECT_OBJC_ISA_USAGE = YES_ERROR;
				CLANG_WARN_DOCUMENTATION_COMMENTS = YES;
				CLANG_WARN_EMPTY_BODY = YES;
				CLANG_WARN_ENUM_CONVERSION = YES;
				CLANG_WARN_INFINITE_RECURSION = YES;
				CLANG_WARN_INT_CONVERSION = YES;
				CLANG_WARN_NON_LITERAL_NULL_CONVERSION = YES;
				CLANG_WARN_OBJC_IMPLICIT_RETAIN_SELF = YES;
				CLANG_WARN_OBJC_LITERAL_CONVERSION = YES;
				CLANG_WARN_OBJC_ROOT_CLASS = YES_ERROR;
				CLANG_WARN_QUOTED_INCLUDE_IN_FRAMEWORK_HEADER = YES;
				CLANG_WARN_RANGE_LOOP_ANALYSIS = YES;
				CLANG_WARN_STRICT_PROTOTYPES = YES;
				CLANG_WARN_SUSPICIOUS_MOVE = YES;
				CLANG_WARN_UNGUARDED_AVAILABILITY = YES_AGGRESSIVE;
				CLANG_WARN_UNREACHABLE_CODE = YES;
				CLANG_WARN__DUPLICATE_METHOD_MATCH = YES;
				COPY_PHASE_STRIP = NO;
				DEBUG_INFORMATION_FORMAT = dwarf;
				ENABLE_STRICT_OBJC_MSGSEND = YES;
				ENABLE_TESTABILITY = YES;
				GCC_C_LANGUAGE_STANDARD = gnu11;
				GCC_DYNAMIC_NO_PIC = NO;
				GCC_NO_COMMON_BLOCKS = YES;
				GCC_OPTIMIZATION_LEVEL = 0;
				GCC_PREPROCESSOR_DEFINITIONS = (
					"DEBUG=1",
					"$(inherited)",
				);
				GCC_WARN_64_TO_32_BIT_CONVERSION = YES;
				GCC_WARN_ABOUT_RETURN_TYPE = YES_ERROR;
				GCC_WARN_UNDECLARED_SELECTOR = YES;
				GCC_WARN_UNINITIALIZED_AUTOS = YES_AGGRESSIVE;
				GCC_WARN_UNUSED_FUNCTION = YES;
				GCC_WARN_UNUSED_VARIABLE = YES;
				IPHONEOS_DEPLOYMENT_TARGET = 12.0;
				MACOSX_DEPLOYMENT_TARGET = 10.6;
				MTL_ENABLE_DEBUG_INFO = INCLUDE_SOURCE;
				MTL_FAST_MATH = YES;
				ONLY_ACTIVE_ARCH = YES;
				SDKROOT = iphoneos;
				SUPPORTED_PLATFORMS = "iphonesimulator iphoneos";
			};
			name = Debug;
		};
		C4629D5D26244CBF00029564 /* Release */ = {
			isa = XCBuildConfiguration;
			buildSettings = {
				ALWAYS_SEARCH_USER_PATHS = NO;
				CLANG_ANALYZER_NONNULL = YES;
				CLANG_ANALYZER_NUMBER_OBJECT_CONVERSION = YES_AGGRESSIVE;
				CLANG_CXX_LANGUAGE_STANDARD = "gnu++14";
				CLANG_CXX_LIBRARY = "libc++";
				CLANG_ENABLE_MODULES = YES;
				CLANG_ENABLE_OBJC_ARC = YES;
				CLANG_ENABLE_OBJC_WEAK = YES;
				CLANG_WARN_BLOCK_CAPTURE_AUTORELEASING = YES;
				CLANG_WARN_BOOL_CONVERSION = YES;
				CLANG_WARN_COMMA = YES;
				CLANG_WARN_CONSTANT_CONVERSION = YES;
				CLANG_WARN_DEPRECATED_OBJC_IMPLEMENTATIONS = YES;
				CLANG_WARN_DIRECT_OBJC_ISA_USAGE = YES_ERROR;
				CLANG_WARN_DOCUMENTATION_COMMENTS = YES;
				CLANG_WARN_EMPTY_BODY = YES;
				CLANG_WARN_ENUM_CONVERSION = YES;
				CLANG_WARN_INFINITE_RECURSION = YES;
				CLANG_WARN_INT_CONVERSION = YES;
				CLANG_WARN_NON_LITERAL_NULL_CONVERSION = YES;
				CLANG_WARN_OBJC_IMPLICIT_RETAIN_SELF = YES;
				CLANG_WARN_OBJC_LITERAL_CONVERSION = YES;
				CLANG_WARN_OBJC_ROOT_CLASS = YES_ERROR;
				CLANG_WARN_QUOTED_INCLUDE_IN_FRAMEWORK_HEADER = YES;
				CLANG_WARN_RANGE_LOOP_ANALYSIS = YES;
				CLANG_WARN_STRICT_PROTOTYPES = YES;
				CLANG_WARN_SUSPICIOUS_MOVE = YES;
				CLANG_WARN_UNGUARDED_AVAILABILITY = YES_AGGRESSIVE;
				CLANG_WARN_UNREACHABLE_CODE = YES;
				CLANG_WARN__DUPLICATE_METHOD_MATCH = YES;
				COPY_PHASE_STRIP = NO;
				DEBUG_INFORMATION_FORMAT = "dwarf-with-dsym";
				ENABLE_NS_ASSERTIONS = NO;
				ENABLE_STRICT_OBJC_MSGSEND = YES;
				GCC_C_LANGUAGE_STANDARD = gnu11;
				GCC_NO_COMMON_BLOCKS = YES;
				GCC_WARN_64_TO_32_BIT_CONVERSION = YES;
				GCC_WARN_ABOUT_RETURN_TYPE = YES_ERROR;
				GCC_WARN_UNDECLARED_SELECTOR = YES;
				GCC_WARN_UNINITIALIZED_AUTOS = YES_AGGRESSIVE;
				GCC_WARN_UNUSED_FUNCTION = YES;
				GCC_WARN_UNUSED_VARIABLE = YES;
				IPHONEOS_DEPLOYMENT_TARGET = 12.0;
				MACOSX_DEPLOYMENT_TARGET = 10.6;
				MTL_ENABLE_DEBUG_INFO = NO;
				MTL_FAST_MATH = YES;
				ONLY_ACTIVE_ARCH = YES;
				SDKROOT = iphoneos;
				SUPPORTED_PLATFORMS = "iphonesimulator iphoneos";
				SWIFT_COMPILATION_MODE = wholemodule;
				VALIDATE_PRODUCT = YES;
			};
			name = Release;
		};
		C4629D5F26244CBF00029564 /* Debug */ = {
			isa = XCBuildConfiguration;
			baseConfigurationReference = 54B6CB46849CC54625B2204D /* Pods-LanguageDemo.debug.xcconfig */;
			buildSettings = {
				ASSETCATALOG_COMPILER_APPICON_NAME = AppIcon;
				ASSETCATALOG_COMPILER_GLOBAL_ACCENT_COLOR_NAME = AccentColor;
				CLANG_ENABLE_MODULES = YES;
				CODE_SIGN_ENTITLEMENTS = LanguageDemo/LanguageDemo.entitlements;
				CODE_SIGN_STYLE = Automatic;
				DEVELOPMENT_TEAM = V5ALQR4SC7;
				GCC_INCREASE_PRECOMPILED_HEADER_SHARING = YES;
				GCC_PRECOMPILE_PREFIX_HEADER = YES;
				GCC_PREFIX_HEADER = "$(SRCROOT)/PrefixHeader.pch";
				INFOPLIST_FILE = LanguageDemo/Info.plist;
				IPHONEOS_DEPLOYMENT_TARGET = 13.0;
				LD_RUNPATH_SEARCH_PATHS = (
					"$(inherited)",
					"@executable_path/Frameworks",
				);
				LIBRARY_SEARCH_PATHS = (
					"$(inherited)",
					"$(PROJECT_DIR)/LanguageDemo/lib/ssl/framework",
				);
				PRODUCT_BUNDLE_IDENTIFIER = com.world.hello131;
				PRODUCT_NAME = "$(TARGET_NAME)";
				SWIFT_OBJC_BRIDGING_HEADER = "LanguageDemo-Bridging-Header.h";
				SWIFT_OPTIMIZATION_LEVEL = "-Onone";
				SWIFT_VERSION = 5.0;
				TARGETED_DEVICE_FAMILY = 1;
			};
			name = Debug;
		};
		C4629D6026244CBF00029564 /* Release */ = {
			isa = XCBuildConfiguration;
			baseConfigurationReference = 003C593BB5769782A908F4E4 /* Pods-LanguageDemo.release.xcconfig */;
			buildSettings = {
				ASSETCATALOG_COMPILER_APPICON_NAME = AppIcon;
				ASSETCATALOG_COMPILER_GLOBAL_ACCENT_COLOR_NAME = AccentColor;
				CLANG_ENABLE_MODULES = YES;
				CODE_SIGN_ENTITLEMENTS = LanguageDemo/LanguageDemo.entitlements;
				CODE_SIGN_STYLE = Automatic;
				DEVELOPMENT_TEAM = V5ALQR4SC7;
				GCC_INCREASE_PRECOMPILED_HEADER_SHARING = YES;
				GCC_PRECOMPILE_PREFIX_HEADER = YES;
				GCC_PREFIX_HEADER = "$(SRCROOT)/PrefixHeader.pch";
				INFOPLIST_FILE = LanguageDemo/Info.plist;
				IPHONEOS_DEPLOYMENT_TARGET = 13.0;
				LD_RUNPATH_SEARCH_PATHS = (
					"$(inherited)",
					"@executable_path/Frameworks",
				);
				LIBRARY_SEARCH_PATHS = (
					"$(inherited)",
					"$(PROJECT_DIR)/LanguageDemo/lib/ssl/framework",
				);
				PRODUCT_BUNDLE_IDENTIFIER = com.world.hello131;
				PRODUCT_NAME = "$(TARGET_NAME)";
				SWIFT_OBJC_BRIDGING_HEADER = "LanguageDemo-Bridging-Header.h";
				SWIFT_VERSION = 5.0;
				TARGETED_DEVICE_FAMILY = 1;
			};
			name = Release;
		};
/* End XCBuildConfiguration section */

/* Begin XCConfigurationList section */
		C4629D4026244CBC00029564 /* Build configuration list for PBXProject "LanguageDemo" */ = {
			isa = XCConfigurationList;
			buildConfigurations = (
				C4629D5C26244CBF00029564 /* Debug */,
				C4629D5D26244CBF00029564 /* Release */,
			);
			defaultConfigurationIsVisible = 0;
			defaultConfigurationName = Release;
		};
		C4629D5E26244CBF00029564 /* Build configuration list for PBXNativeTarget "LanguageDemo" */ = {
			isa = XCConfigurationList;
			buildConfigurations = (
				C4629D5F26244CBF00029564 /* Debug */,
				C4629D6026244CBF00029564 /* Release */,
			);
			defaultConfigurationIsVisible = 0;
			defaultConfigurationName = Release;
		};
/* End XCConfigurationList section */
	};
	rootObject = C4629D3D26244CBC00029564 /* Project object */;
}
